
Microsoft Visual Studio Solution File, Format Version 12.00
# Visual Studio Version 17
VisualStudioVersion = 17.11.35219.272
MinimumVisualStudioVersion = 10.0.40219.1
Project("{FAE04EC0-301F-11D3-BF4B-00C04F79EFBC}") = "kartverket-gruppe2", "kartverket-gruppe2\kartverket-gruppe2.csproj", "{A096EC3E-DCB6-4638-8455-0277FAC5E8F8}"
EndProject
Global
	GlobalSection(SolutionConfigurationPlatforms) = preSolution
		Debug|Any CPU = Debug|Any CPU
		Release|Any CPU = Release|Any CPU
	EndGlobalSection
	GlobalSection(ProjectConfigurationPlatforms) = postSolution
		{A096EC3E-DCB6-4638-8455-0277FAC5E8F8}.Debug|Any CPU.ActiveCfg = Debug|Any CPU
		{A096EC3E-DCB6-4638-8455-0277FAC5E8F8}.Debug|Any CPU.Build.0 = Debug|Any CPU
		{A096EC3E-DCB6-4638-8455-0277FAC5E8F8}.Release|Any CPU.ActiveCfg = Release|Any CPU
		{A096EC3E-DCB6-4638-8455-0277FAC5E8F8}.Release|Any CPU.Build.0 = Release|Any CPU
	EndGlobalSection
	GlobalSection(SolutionProperties) = preSolution
		HideSolutionNode = FALSE
	EndGlobalSection
	GlobalSection(ExtensibilityGlobals) = postSolution
		SolutionGuid = {75B7DEC4-B6A2-42EF-8ACF-6AC957BABFE3}
	EndGlobalSection
EndGlobal
